{
    "_readme": [
        "This file locks the dependencies of your project to a known state",
        "Read more about it at https://getcomposer.org/doc/01-basic-usage.md#installing-dependencies",
        "This file is @generated automatically"
    ],
    "content-hash": "d44a9094e95af07186dee6e5ded0b9b6",
    "packages": [
        {
            "name": "bacon/bacon-qr-code",
            "version": "2.0.4",
            "source": {
                "type": "git",
                "url": "https://github.com/Bacon/BaconQrCode.git",
                "reference": "f73543ac4e1def05f1a70bcd1525c8a157a1ad09"
            },
            "dist": {
                "type": "zip",
                "url": "https://api.github.com/repos/Bacon/BaconQrCode/zipball/f73543ac4e1def05f1a70bcd1525c8a157a1ad09",
                "reference": "f73543ac4e1def05f1a70bcd1525c8a157a1ad09",
                "shasum": ""
            },
            "require": {
                "dasprid/enum": "^1.0.3",
                "ext-iconv": "*",
                "php": "^7.1 || ^8.0"
            },
            "require-dev": {
                "phly/keep-a-changelog": "^1.4",
                "phpunit/phpunit": "^7 | ^8 | ^9",
                "squizlabs/php_codesniffer": "^3.4"
            },
            "suggest": {
                "ext-imagick": "to generate QR code images"
            },
            "type": "library",
            "autoload": {
                "psr-4": {
                    "BaconQrCode\\": "src/"
                }
            },
            "notification-url": "https://packagist.org/downloads/",
            "license": [
                "BSD-2-Clause"
            ],
            "authors": [
                {
                    "name": "Ben Scholzen 'DASPRiD'",
                    "email": "mail@dasprids.de",
                    "homepage": "https://dasprids.de/",
                    "role": "Developer"
                }
            ],
            "description": "BaconQrCode is a QR code generator for PHP.",
            "homepage": "https://github.com/Bacon/BaconQrCode",
            "support": {
                "issues": "https://github.com/Bacon/BaconQrCode/issues",
                "source": "https://github.com/Bacon/BaconQrCode/tree/2.0.4"
            },
            "time": "2021-06-18T13:26:35+00:00"
        },
        {
            "name": "dasprid/enum",
            "version": "1.0.3",
            "source": {
                "type": "git",
                "url": "https://github.com/DASPRiD/Enum.git",
                "reference": "5abf82f213618696dda8e3bf6f64dd042d8542b2"
            },
            "dist": {
                "type": "zip",
                "url": "https://api.github.com/repos/DASPRiD/Enum/zipball/5abf82f213618696dda8e3bf6f64dd042d8542b2",
                "reference": "5abf82f213618696dda8e3bf6f64dd042d8542b2",
                "shasum": ""
            },
            "require-dev": {
                "phpunit/phpunit": "^7 | ^8 | ^9",
                "squizlabs/php_codesniffer": "^3.4"
            },
            "type": "library",
            "autoload": {
                "psr-4": {
                    "DASPRiD\\Enum\\": "src/"
                }
            },
            "notification-url": "https://packagist.org/downloads/",
            "license": [
                "BSD-2-Clause"
            ],
            "authors": [
                {
                    "name": "Ben Scholzen 'DASPRiD'",
                    "email": "mail@dasprids.de",
                    "homepage": "https://dasprids.de/",
                    "role": "Developer"
                }
            ],
            "description": "PHP 7.1 enum implementation",
            "keywords": [
                "enum",
                "map"
            ],
            "support": {
                "issues": "https://github.com/DASPRiD/Enum/issues",
                "source": "https://github.com/DASPRiD/Enum/tree/1.0.3"
            },
            "time": "2020-10-02T16:03:48+00:00"
        },
        {
            "name": "endroid/qr-code",
            "version": "4.4.4",
            "source": {
                "type": "git",
                "url": "https://github.com/endroid/qr-code.git",
                "reference": "361b43bbdfa4360442369d0a236e7d8756160523"
            },
            "dist": {
                "type": "zip",
                "url": "https://api.github.com/repos/endroid/qr-code/zipball/361b43bbdfa4360442369d0a236e7d8756160523",
                "reference": "361b43bbdfa4360442369d0a236e7d8756160523",
                "shasum": ""
            },
            "require": {
                "bacon/bacon-qr-code": "^2.0",
                "php": "^7.4||^8.0"
            },
            "require-dev": {
                "endroid/quality": "dev-master",
                "ext-gd": "*",
                "khanamiryan/qrcode-detector-decoder": "^1.0.4",
                "setasign/fpdf": "^1.8.2"
            },
            "suggest": {
                "ext-gd": "Enables you to write PNG images",
                "khanamiryan/qrcode-detector-decoder": "Enables you to use the image validator",
                "roave/security-advisories": "Makes sure package versions with known security issues are not installed",
                "setasign/fpdf": "Enables you to use the PDF writer"
            },
            "type": "library",
            "extra": {
                "branch-alias": {
                    "dev-master": "4.x-dev"
                }
            },
            "autoload": {
                "psr-4": {
                    "Endroid\\QrCode\\": "src/"
                }
            },
            "notification-url": "https://packagist.org/downloads/",
            "license": [
                "MIT"
            ],
            "authors": [
                {
                    "name": "Jeroen van den Enden",
                    "email": "info@endroid.nl"
                }
            ],
            "description": "Endroid QR Code",
            "homepage": "https://github.com/endroid/qr-code",
            "keywords": [
                "code",
                "endroid",
                "php",
                "qr",
                "qrcode"
            ],
            "support": {
                "issues": "https://github.com/endroid/qr-code/issues",
                "source": "https://github.com/endroid/qr-code/tree/4.4.4"
            },
            "funding": [
                {
                    "url": "https://github.com/endroid",
                    "type": "github"
                }
            ],
            "time": "2021-12-13T11:01:54+00:00"
        },
        {
            "name": "haveapi/client",
            "version": "0.15.0",
            "source": {
                "type": "git",
                "url": "https://github.com/vpsfreecz/haveapi-client-php.git",
                "reference": "31254a18a5702b7a95fe3004b2c8efafa9e835db"
            },
            "dist": {
                "type": "zip",
                "url": "https://api.github.com/repos/vpsfreecz/haveapi-client-php/zipball/31254a18a5702b7a95fe3004b2c8efafa9e835db",
                "reference": "31254a18a5702b7a95fe3004b2c8efafa9e835db",
                "shasum": ""
            },
            "require": {
                "nategood/httpful": "~0.3.2",
                "php": ">=7.4.0"
            },
            "type": "library",
            "autoload": {
                "psr-4": {
                    "HaveAPI\\": "src/"
                }
            },
            "notification-url": "https://packagist.org/downloads/",
            "license": [
                "MIT"
            ],
            "authors": [
                {
                    "name": "Jakub Skokan",
                    "email": "jakub.skokan@vpsfree.cz"
                }
            ],
            "description": "A client for HaveAPI based APIs",
            "homepage": "https://github.com/vpsfreecz/haveapi-client-php",
            "support": {
                "issues": "https://github.com/vpsfreecz/haveapi-client-php/issues",
                "source": "https://github.com/vpsfreecz/haveapi-client-php/tree/v0.15.0"
            },
            "time": "2021-12-27T14:59:26+00:00"
        },
        {
            "name": "nategood/httpful",
            "version": "0.3.2",
            "source": {
                "type": "git",
                "url": "https://github.com/nategood/httpful.git",
                "reference": "0cded3ea97ba905600de9ceb9ef13f3ab681587c"
            },
            "dist": {
                "type": "zip",
                "url": "https://api.github.com/repos/nategood/httpful/zipball/0cded3ea97ba905600de9ceb9ef13f3ab681587c",
                "reference": "0cded3ea97ba905600de9ceb9ef13f3ab681587c",
                "shasum": ""
            },
            "require": {
                "ext-curl": "*",
                "php": ">=7.2"
            },
            "require-dev": {
                "phpunit/phpunit": "*"
            },
            "type": "library",
            "autoload": {
                "psr-0": {
                    "Httpful": "src/"
                }
            },
            "notification-url": "https://packagist.org/downloads/",
            "license": [
                "MIT"
            ],
            "authors": [
                {
                    "name": "Nate Good",
                    "email": "me@nategood.com",
                    "homepage": "http://nategood.com"
                }
            ],
            "description": "A Readable, Chainable, REST friendly, PHP HTTP Client",
            "homepage": "http://github.com/nategood/httpful",
            "keywords": [
                "api",
                "curl",
                "http",
                "requests",
                "rest",
                "restful"
            ],
            "support": {
                "issues": "https://github.com/nategood/httpful/issues",
                "source": "https://github.com/nategood/httpful/tree/v0.3.2"
            },
            "time": "2020-01-25T01:13:13+00:00"
        }
    ],
    "packages-dev": [],
    "aliases": [],
    "minimum-stability": "stable",
    "stability-flags": [],
    "prefer-stable": false,
    "prefer-lowest": false,
    "platform": [],
    "platform-dev": [],
    "plugin-api-version": "2.1.0"
}
