{
    "_readme": [
        "This file locks the dependencies of your project to a known state",
        "Read more about it at https://getcomposer.org/doc/01-basic-usage.md#installing-dependencies",
        "This file is @generated automatically"
    ],
    "content-hash": "86c10b6935e02515ddeeeedce2fa7d78",
    "packages": [
        {
            "name": "bacon/bacon-qr-code",
            "version": "2.0.8",
            "source": {
                "type": "git",
                "url": "https://github.com/Bacon/BaconQrCode.git",
                "reference": "8674e51bb65af933a5ffaf1c308a660387c35c22"
            },
            "dist": {
                "type": "zip",
                "url": "https://api.github.com/repos/Bacon/BaconQrCode/zipball/8674e51bb65af933a5ffaf1c308a660387c35c22",
                "reference": "8674e51bb65af933a5ffaf1c308a660387c35c22",
                "shasum": ""
            },
            "require": {
                "dasprid/enum": "^1.0.3",
                "ext-iconv": "*",
                "php": "^7.1 || ^8.0"
            },
            "require-dev": {
                "phly/keep-a-changelog": "^2.1",
                "phpunit/phpunit": "^7 | ^8 | ^9",
                "spatie/phpunit-snapshot-assertions": "^4.2.9",
                "squizlabs/php_codesniffer": "^3.4"
            },
            "suggest": {
                "ext-imagick": "to generate QR code images"
            },
            "type": "library",
            "autoload": {
                "psr-4": {
                    "BaconQrCode\\": "src/"
                }
            },
            "notification-url": "https://packagist.org/downloads/",
            "license": [
                "BSD-2-Clause"
            ],
            "authors": [
                {
                    "name": "Ben Scholzen 'DASPRiD'",
                    "email": "mail@dasprids.de",
                    "homepage": "https://dasprids.de/",
                    "role": "Developer"
                }
            ],
            "description": "BaconQrCode is a QR code generator for PHP.",
            "homepage": "https://github.com/Bacon/BaconQrCode",
            "support": {
                "issues": "https://github.com/Bacon/BaconQrCode/issues",
                "source": "https://github.com/Bacon/BaconQrCode/tree/2.0.8"
            },
            "time": "2022-12-07T17:46:57+00:00"
        },
        {
            "name": "dasprid/enum",
            "version": "1.0.3",
            "source": {
                "type": "git",
                "url": "https://github.com/DASPRiD/Enum.git",
                "reference": "5abf82f213618696dda8e3bf6f64dd042d8542b2"
            },
            "dist": {
                "type": "zip",
                "url": "https://api.github.com/repos/DASPRiD/Enum/zipball/5abf82f213618696dda8e3bf6f64dd042d8542b2",
                "reference": "5abf82f213618696dda8e3bf6f64dd042d8542b2",
                "shasum": ""
            },
            "require-dev": {
                "phpunit/phpunit": "^7 | ^8 | ^9",
                "squizlabs/php_codesniffer": "^3.4"
            },
            "type": "library",
            "autoload": {
                "psr-4": {
                    "DASPRiD\\Enum\\": "src/"
                }
            },
            "notification-url": "https://packagist.org/downloads/",
            "license": [
                "BSD-2-Clause"
            ],
            "authors": [
                {
                    "name": "Ben Scholzen 'DASPRiD'",
                    "email": "mail@dasprids.de",
                    "homepage": "https://dasprids.de/",
                    "role": "Developer"
                }
            ],
            "description": "PHP 7.1 enum implementation",
            "keywords": [
                "enum",
                "map"
            ],
            "support": {
                "issues": "https://github.com/DASPRiD/Enum/issues",
                "source": "https://github.com/DASPRiD/Enum/tree/1.0.3"
            },
            "time": "2020-10-02T16:03:48+00:00"
        },
        {
            "name": "endroid/qr-code",
            "version": "4.5.2",
            "source": {
                "type": "git",
                "url": "https://github.com/endroid/qr-code.git",
                "reference": "aec7fb1f008ed515f0580d7871dffa19428efb82"
            },
            "dist": {
                "type": "zip",
                "url": "https://api.github.com/repos/endroid/qr-code/zipball/aec7fb1f008ed515f0580d7871dffa19428efb82",
                "reference": "aec7fb1f008ed515f0580d7871dffa19428efb82",
                "shasum": ""
            },
            "require": {
                "bacon/bacon-qr-code": "^2.0.5",
                "php": "^7.4||^8.0"
            },
            "require-dev": {
                "endroid/quality": "dev-master",
                "ext-gd": "*",
                "khanamiryan/qrcode-detector-decoder": "^1.0.4",
                "setasign/fpdf": "^1.8.2"
            },
            "suggest": {
                "ext-gd": "Enables you to write PNG images",
                "khanamiryan/qrcode-detector-decoder": "Enables you to use the image validator",
                "roave/security-advisories": "Makes sure package versions with known security issues are not installed",
                "setasign/fpdf": "Enables you to use the PDF writer"
            },
            "type": "library",
            "extra": {
                "branch-alias": {
                    "dev-master": "4.x-dev"
                }
            },
            "autoload": {
                "psr-4": {
                    "Endroid\\QrCode\\": "src/"
                }
            },
            "notification-url": "https://packagist.org/downloads/",
            "license": [
                "MIT"
            ],
            "authors": [
                {
                    "name": "Jeroen van den Enden",
                    "email": "info@endroid.nl"
                }
            ],
            "description": "Endroid QR Code",
            "homepage": "https://github.com/endroid/qr-code",
            "keywords": [
                "code",
                "endroid",
                "php",
                "qr",
                "qrcode"
            ],
            "support": {
                "issues": "https://github.com/endroid/qr-code/issues",
                "source": "https://github.com/endroid/qr-code/tree/4.5.2"
            },
            "funding": [
                {
                    "url": "https://github.com/endroid",
                    "type": "github"
                }
            ],
            "time": "2022-09-28T11:14:01+00:00"
        },
        {
            "name": "haveapi/client",
            "version": "0.16.3",
            "source": {
                "type": "git",
                "url": "https://github.com/vpsfreecz/haveapi-client-php.git",
                "reference": "70ca99bab02f54c08a1d4dedf822f0d8fe6d1bf8"
            },
            "dist": {
                "type": "zip",
                "url": "https://api.github.com/repos/vpsfreecz/haveapi-client-php/zipball/70ca99bab02f54c08a1d4dedf822f0d8fe6d1bf8",
                "reference": "70ca99bab02f54c08a1d4dedf822f0d8fe6d1bf8",
                "shasum": ""
            },
            "require": {
                "php": ">=8.0.0",
                "vpsfreecz/httpful": "~0.4.0"
            },
            "type": "library",
            "autoload": {
                "psr-4": {
                    "HaveAPI\\": "src/"
                }
            },
            "notification-url": "https://packagist.org/downloads/",
            "license": [
                "MIT"
            ],
            "authors": [
                {
                    "name": "Jakub Skokan",
                    "email": "jakub.skokan@vpsfree.cz"
                }
            ],
            "description": "A client for HaveAPI based APIs",
            "homepage": "https://github.com/vpsfreecz/haveapi-client-php",
            "support": {
                "issues": "https://github.com/vpsfreecz/haveapi-client-php/issues",
                "source": "https://github.com/vpsfreecz/haveapi-client-php/tree/v0.16.3"
            },
            "time": "2023-02-13T12:47:53+00:00"
        },
        {
            "name": "vpsfreecz/httpful",
            "version": "0.4.0",
            "source": {
                "type": "git",
                "url": "https://github.com/vpsfreecz/httpful.git",
                "reference": "770a0e173e304ebbabf8424ab86a0917bd61622f"
            },
            "dist": {
                "type": "zip",
                "url": "https://api.github.com/repos/vpsfreecz/httpful/zipball/770a0e173e304ebbabf8424ab86a0917bd61622f",
                "reference": "770a0e173e304ebbabf8424ab86a0917bd61622f",
                "shasum": ""
            },
            "require": {
                "ext-curl": "*",
                "php": ">=7.2"
            },
            "require-dev": {
                "phpunit/phpunit": "*"
            },
            "type": "library",
            "autoload": {
                "psr-0": {
                    "Httpful": "src/"
                }
            },
            "notification-url": "https://packagist.org/downloads/",
            "license": [
                "MIT"
            ],
            "authors": [
                {
                    "name": "Nate Good",
                    "email": "me@nategood.com",
                    "homepage": "http://nategood.com"
                },
                {
                    "name": "Jakub Skokan",
                    "email": "jakub.skokan@vpsfree.cz"
                }
            ],
            "description": "A Readable, Chainable, REST friendly, PHP HTTP Client",
            "homepage": "http://github.com/vpsfreecz/httpful",
            "keywords": [
                "api",
                "curl",
                "http",
                "requests",
                "rest",
                "restful"
            ],
            "support": {
                "source": "https://github.com/vpsfreecz/httpful/tree/v0.4.0"
            },
            "time": "2022-12-03T16:05:47+00:00"
        }
    ],
    "packages-dev": [],
    "aliases": [],
    "minimum-stability": "stable",
    "stability-flags": [],
    "prefer-stable": false,
    "prefer-lowest": false,
    "platform": [],
    "platform-dev": [],
    "plugin-api-version": "2.3.0"
}
